{
  "name": "hsml-h",
  "version": "1.0.0",
  "lockfileVersion": 1,
  "requires": true,
  "dependencies": {
    "prest-lib": {
      "version": "1.1.3",
      "resolved": "https://registry.npmjs.org/prest-lib/-/prest-lib-1.1.3.tgz",
      "integrity": "sha512-2D2n0oohr/0LG9kYS67gmCFQKoLwCzpffE1LOfYFmiY5bSrF/1MEkdJBmK6Zdlz/Nd3aIGMpUHkiTansCTqOhQ==",
      "dev": true
    },
    "typescript": {
      "version": "3.2.4",
      "resolved": "https://registry.npmjs.org/typescript/-/typescript-3.2.4.tgz",
      "integrity": "sha512-0RNDbSdEokBeEAkgNbxJ+BLwSManFy9TeXz8uW+48j/xhEXv1ePME60olyzw2XzUqUBNAYFeJadIqAgNqIACwg==",
      "dev": true
    }
  }
}
